// !$*UTF8*$!
{
	archiveVersion = 1;
	classes = {
	};
	objectVersion = 45;
	objects = {

/* Begin PBXBuildFile section */
		520F2C3C10B6CE08001D0EB2 /* SampleTool.c in Sources */ = {isa = PBXBuildFile; fileRef = 52FE19D110B6301D00AC2DA3 /* SampleTool.c */; };
		520F2C3D10B6CE0C001D0EB2 /* BetterAuthorizationSampleLib.c in Sources */ = {isa = PBXBuildFile; fileRef = 52FE19CD10B62FDF00AC2DA3 /* BetterAuthorizationSampleLib.c */; };
		520F2C3E10B6CE0E001D0EB2 /* SampleCommon.c in Sources */ = {isa = PBXBuildFile; fileRef = 52FE19D310B6301D00AC2DA3 /* SampleCommon.c */; };
		520F2C6C10B6CE3E001D0EB2 /* Security.framework in Frameworks */ = {isa = PBXBuildFile; fileRef = 52FE1AE210B6395A00AC2DA3 /* Security.framework */; };
		520F2C6D10B6CE3E001D0EB2 /* CoreFoundation.framework in Frameworks */ = {isa = PBXBuildFile; fileRef = 52FE1AE610B6397100AC2DA3 /* CoreFoundation.framework */; };
		520F2C6E10B6CE5F001D0EB2 /* BetterAuthorizationSampleLibInstallTool.c in Sources */ = {isa = PBXBuildFile; fileRef = 52FE19CE10B62FDF00AC2DA3 /* BetterAuthorizationSampleLibInstallTool.c */; };
		52154BB610B069A30018F774 /* HelperAppController.h in Headers */ = {isa = PBXBuildFile; fileRef = 52154BB410B069A30018F774 /* HelperAppController.h */; };
		52154BB710B069A30018F774 /* HelperAppController.m in Sources */ = {isa = PBXBuildFile; fileRef = 52154BB510B069A30018F774 /* HelperAppController.m */; };
		5217B0EF10B1B567008A3DE6 /* Shutdown_AppDelegate.h in Headers */ = {isa = PBXBuildFile; fileRef = 5217B0ED10B1B567008A3DE6 /* Shutdown_AppDelegate.h */; };
		5217B0F010B1B567008A3DE6 /* Shutdown_AppDelegate.m in Sources */ = {isa = PBXBuildFile; fileRef = 5217B0EE10B1B567008A3DE6 /* Shutdown_AppDelegate.m */; };
		5217B30010B1DCFF008A3DE6 /* JGDefines.h in Headers */ = {isa = PBXBuildFile; fileRef = 5217B2FF10B1DCFF008A3DE6 /* JGDefines.h */; };
		5217B30310B1DDC0008A3DE6 /* HelperApp_AppDelegate.m in Sources */ = {isa = PBXBuildFile; fileRef = 5217B30210B1DDC0008A3DE6 /* HelperApp_AppDelegate.m */; };
		5217B30810B1DE59008A3DE6 /* HelperApp.xib in Resources */ = {isa = PBXBuildFile; fileRef = 5217B30710B1DE59008A3DE6 /* HelperApp.xib */; };
		5217B37210B1E16F008A3DE6 /* ShutdownHelperApp.app in Resources */ = {isa = PBXBuildFile; fileRef = 52154BC410B0716E0018F774 /* ShutdownHelperApp.app */; };
		52BD946810B1A5C800291F3D /* JGConstants.h in Headers */ = {isa = PBXBuildFile; fileRef = 52BD946610B1A5C800291F3D /* JGConstants.h */; };
		52BD946910B1A5C800291F3D /* JGConstants.m in Sources */ = {isa = PBXBuildFile; fileRef = 52BD946710B1A5C800291F3D /* JGConstants.m */; };
		52BD946A10B1A5C800291F3D /* JGConstants.m in Sources */ = {isa = PBXBuildFile; fileRef = 52BD946710B1A5C800291F3D /* JGConstants.m */; };
		52BD946D10B1B0CB00291F3D /* AbstractSingletonObject.h in Headers */ = {isa = PBXBuildFile; fileRef = 52BD946B10B1B0CB00291F3D /* AbstractSingletonObject.h */; };
		52BD946E10B1B0CB00291F3D /* AbstractSingletonObject.m in Sources */ = {isa = PBXBuildFile; fileRef = 52BD946C10B1B0CB00291F3D /* AbstractSingletonObject.m */; };
		52BD946F10B1B0CB00291F3D /* AbstractSingletonObject.m in Sources */ = {isa = PBXBuildFile; fileRef = 52BD946C10B1B0CB00291F3D /* AbstractSingletonObject.m */; };
		52D570C510BABA3300D8CC2F /* NSDate+JGUtilities.m in Sources */ = {isa = PBXBuildFile; fileRef = 52D570C110BABA3300D8CC2F /* NSDate+JGUtilities.m */; };
		52D570C610BABA3300D8CC2F /* NSDate+JGUtilities.h in Headers */ = {isa = PBXBuildFile; fileRef = 52D570C010BABA3300D8CC2F /* NSDate+JGUtilities.h */; };
		52D570C710BABA3300D8CC2F /* NSDate+JGUtilities.m in Sources */ = {isa = PBXBuildFile; fileRef = 52D570C110BABA3300D8CC2F /* NSDate+JGUtilities.m */; };
		52D5712A10BAC4E500D8CC2F /* ShutdownAuthorizationPrompt.strings in Resources */ = {isa = PBXBuildFile; fileRef = 52FE1AC710B635B200AC2DA3 /* ShutdownAuthorizationPrompt.strings */; };
		52D5713510BAC52900D8CC2F /* HelperTool in Copy Helper and Install Tools */ = {isa = PBXBuildFile; fileRef = 520F2C0E10B6CC68001D0EB2 /* HelperTool */; };
		52D5713610BAC52900D8CC2F /* InstallTool in Copy Helper and Install Tools */ = {isa = PBXBuildFile; fileRef = 520F2C1510B6CC7D001D0EB2 /* InstallTool */; };
		52D571E210BAC54A00D8CC2F /* BetterAuthorizationSampleLib.c in Sources */ = {isa = PBXBuildFile; fileRef = 52FE19CD10B62FDF00AC2DA3 /* BetterAuthorizationSampleLib.c */; };
		52D571E310BAC54A00D8CC2F /* SampleCommon.c in Sources */ = {isa = PBXBuildFile; fileRef = 52FE19D310B6301D00AC2DA3 /* SampleCommon.c */; };
		52D571E410BAC54A00D8CC2F /* ShutdownHelperToolExecutor.m in Sources */ = {isa = PBXBuildFile; fileRef = 52FE1AC310B6335D00AC2DA3 /* ShutdownHelperToolExecutor.m */; };
		52DCC1A310B2D49400C9D6CE /* Cocoa.framework in Frameworks */ = {isa = PBXBuildFile; fileRef = 52DCC1A210B2D49400C9D6CE /* Cocoa.framework */; };
		52FE1AE310B6395A00AC2DA3 /* Security.framework in Frameworks */ = {isa = PBXBuildFile; fileRef = 52FE1AE210B6395A00AC2DA3 /* Security.framework */; };
		8D202CEA0486D31800D8A456 /* Shutdown_Prefix.pch in Headers */ = {isa = PBXBuildFile; fileRef = 32DBCFA20370C41700C91783 /* Shutdown_Prefix.pch */; };
		8D202CEB0486D31800D8A456 /* ShutdownPref.h in Headers */ = {isa = PBXBuildFile; fileRef = F506C03C013D9D7901CA16C8 /* ShutdownPref.h */; };
		8D202CED0486D31800D8A456 /* InfoPlist.strings in Resources */ = {isa = PBXBuildFile; fileRef = 089C167DFE841241C02AAC07 /* InfoPlist.strings */; };
		8D202CEE0486D31800D8A456 /* ShutdownPref.tiff in Resources */ = {isa = PBXBuildFile; fileRef = F506C040013D9D8001CA16C8 /* ShutdownPref.tiff */; };
		8D202CEF0486D31800D8A456 /* ShutdownPref.xib in Resources */ = {isa = PBXBuildFile; fileRef = F506C042013D9D8C01CA16C8 /* ShutdownPref.xib */; };
		8D202CF10486D31800D8A456 /* ShutdownPref.m in Sources */ = {isa = PBXBuildFile; fileRef = F506C03D013D9D7901CA16C8 /* ShutdownPref.m */; };
		8D202CF30486D31800D8A456 /* Cocoa.framework in Frameworks */ = {isa = PBXBuildFile; fileRef = 1058C7ADFEA557BF11CA2CBB /* Cocoa.framework */; };
		8D202CF40486D31800D8A456 /* PreferencePanes.framework in Frameworks */ = {isa = PBXBuildFile; fileRef = F506C035013D953901CA16C8 /* PreferencePanes.framework */; };
/* End PBXBuildFile section */

/* Begin PBXContainerItemProxy section */
		5217B30510B1DE14008A3DE6 /* PBXContainerItemProxy */ = {
			isa = PBXContainerItemProxy;
			containerPortal = 089C1669FE841209C02AAC07 /* Project object */;
			proxyType = 1;
			remoteGlobalIDString = 52154BC310B0716E0018F774;
			remoteInfo = ShutdownHelperApp;
		};
		52D571F810BAC61000D8CC2F /* PBXContainerItemProxy */ = {
			isa = PBXContainerItemProxy;
			containerPortal = 089C1669FE841209C02AAC07 /* Project object */;
			proxyType = 1;
			remoteGlobalIDString = 520F2C1410B6CC7D001D0EB2 /* InstallTool */;
			remoteInfo = InstallTool;
		};
		52D571FA10BAC61000D8CC2F /* PBXContainerItemProxy */ = {
			isa = PBXContainerItemProxy;
			containerPortal = 089C1669FE841209C02AAC07 /* Project object */;
			proxyType = 1;
			remoteGlobalIDString = 520F2C0D10B6CC68001D0EB2 /* HelperTool */;
			remoteInfo = HelperTool;
		};
/* End PBXContainerItemProxy section */

/* Begin PBXCopyFilesBuildPhase section */
		52D5713410BAC52000D8CC2F /* Copy Helper and Install Tools */ = {
			isa = PBXCopyFilesBuildPhase;
			buildActionMask = 2147483647;
			dstPath = "";
			dstSubfolderSpec = 6;
			files = (
				52D5713510BAC52900D8CC2F /* HelperTool in Copy Helper and Install Tools */,
				52D5713610BAC52900D8CC2F /* InstallTool in Copy Helper and Install Tools */,
			);
			name = "Copy Helper and Install Tools";
			runOnlyForDeploymentPostprocessing = 0;
		};
/* End PBXCopyFilesBuildPhase section */

/* Begin PBXFileReference section */
		089C167EFE841241C02AAC07 /* English */ = {isa = PBXFileReference; fileEncoding = 10; lastKnownFileType = text.plist.strings; name = English; path = English.lproj/InfoPlist.strings; sourceTree = "<group>"; };
		089C167FFE841241C02AAC07 /* AppKit.framework */ = {isa = PBXFileReference; lastKnownFileType = wrapper.framework; name = AppKit.framework; path = /System/Library/Frameworks/AppKit.framework; sourceTree = "<absolute>"; };
		1058C7ADFEA557BF11CA2CBB /* Cocoa.framework */ = {isa = PBXFileReference; lastKnownFileType = wrapper.framework; name = Cocoa.framework; path = /System/Library/Frameworks/Cocoa.framework; sourceTree = "<absolute>"; };
		32DBCFA20370C41700C91783 /* Shutdown_Prefix.pch */ = {isa = PBXFileReference; fileEncoding = 4; lastKnownFileType = sourcecode.c.h; path = Shutdown_Prefix.pch; sourceTree = "<group>"; };
		520F2B2010B6C3DA001D0EB2 /* Foundation.framework */ = {isa = PBXFileReference; lastKnownFileType = wrapper.framework; name = Foundation.framework; path = System/Library/Frameworks/Foundation.framework; sourceTree = SDKROOT; };
		520F2C0E10B6CC68001D0EB2 /* HelperTool */ = {isa = PBXFileReference; explicitFileType = "compiled.mach-o.executable"; includeInIndex = 0; path = HelperTool; sourceTree = BUILT_PRODUCTS_DIR; };
		520F2C1510B6CC7D001D0EB2 /* InstallTool */ = {isa = PBXFileReference; explicitFileType = "compiled.mach-o.executable"; includeInIndex = 0; path = InstallTool; sourceTree = BUILT_PRODUCTS_DIR; };
		520F2C2510B6CCCF001D0EB2 /* ShutdownHelperAppTest-Info.plist */ = {isa = PBXFileReference; lastKnownFileType = text.plist.xml; path = "ShutdownHelperAppTest-Info.plist"; sourceTree = "<group>"; };
		52154BB410B069A30018F774 /* HelperAppController.h */ = {isa = PBXFileReference; fileEncoding = 4; lastKnownFileType = sourcecode.c.h; path = HelperAppController.h; sourceTree = "<group>"; };
		52154BB510B069A30018F774 /* HelperAppController.m */ = {isa = PBXFileReference; fileEncoding = 4; lastKnownFileType = sourcecode.c.objc; path = HelperAppController.m; sourceTree = "<group>"; };
		52154BC410B0716E0018F774 /* ShutdownHelperApp.app */ = {isa = PBXFileReference; explicitFileType = wrapper.application; includeInIndex = 0; path = ShutdownHelperApp.app; sourceTree = BUILT_PRODUCTS_DIR; };
		52154BC610B0716E0018F774 /* ShutdownHelperApp-Info.plist */ = {isa = PBXFileReference; lastKnownFileType = text.plist.xml; path = "ShutdownHelperApp-Info.plist"; sourceTree = "<group>"; };
		5217B0ED10B1B567008A3DE6 /* Shutdown_AppDelegate.h */ = {isa = PBXFileReference; fileEncoding = 4; lastKnownFileType = sourcecode.c.h; path = Shutdown_AppDelegate.h; sourceTree = "<group>"; };
		5217B0EE10B1B567008A3DE6 /* Shutdown_AppDelegate.m */ = {isa = PBXFileReference; fileEncoding = 4; lastKnownFileType = sourcecode.c.objc; path = Shutdown_AppDelegate.m; sourceTree = "<group>"; };
		5217B2FF10B1DCFF008A3DE6 /* JGDefines.h */ = {isa = PBXFileReference; fileEncoding = 4; lastKnownFileType = sourcecode.c.h; path = JGDefines.h; sourceTree = "<group>"; };
		5217B30110B1DDC0008A3DE6 /* HelperApp_AppDelegate.h */ = {isa = PBXFileReference; fileEncoding = 4; lastKnownFileType = sourcecode.c.h; path = HelperApp_AppDelegate.h; sourceTree = "<group>"; };
		5217B30210B1DDC0008A3DE6 /* HelperApp_AppDelegate.m */ = {isa = PBXFileReference; fileEncoding = 4; lastKnownFileType = sourcecode.c.objc; path = HelperApp_AppDelegate.m; sourceTree = "<group>"; };
		5217B30410B1DDF0008A3DE6 /* HelperApp_Prefix.pch */ = {isa = PBXFileReference; fileEncoding = 4; lastKnownFileType = sourcecode.c.h; path = HelperApp_Prefix.pch; sourceTree = "<group>"; };
		5217B30710B1DE59008A3DE6 /* HelperApp.xib */ = {isa = PBXFileReference; lastKnownFileType = file.xib; path = HelperApp.xib; sourceTree = "<group>"; };
		52A896D610B5C39300220B47 /* ShellTask.h */ = {isa = PBXFileReference; fileEncoding = 4; lastKnownFileType = sourcecode.c.h; path = ShellTask.h; sourceTree = "<group>"; };
		52A896D710B5C39300220B47 /* ShellTask.m */ = {isa = PBXFileReference; fileEncoding = 4; lastKnownFileType = sourcecode.c.objc; path = ShellTask.m; sourceTree = "<group>"; };
		52A896DE10B5C3C900220B47 /* shutdown.sh */ = {isa = PBXFileReference; fileEncoding = 4; lastKnownFileType = text.script.sh; path = shutdown.sh; sourceTree = "<group>"; };
		52BD946610B1A5C800291F3D /* JGConstants.h */ = {isa = PBXFileReference; fileEncoding = 4; lastKnownFileType = sourcecode.c.h; path = JGConstants.h; sourceTree = "<group>"; };
		52BD946710B1A5C800291F3D /* JGConstants.m */ = {isa = PBXFileReference; fileEncoding = 4; lastKnownFileType = sourcecode.c.objc; path = JGConstants.m; sourceTree = "<group>"; };
		52BD946B10B1B0CB00291F3D /* AbstractSingletonObject.h */ = {isa = PBXFileReference; fileEncoding = 4; lastKnownFileType = sourcecode.c.h; path = AbstractSingletonObject.h; sourceTree = "<group>"; };
		52BD946C10B1B0CB00291F3D /* AbstractSingletonObject.m */ = {isa = PBXFileReference; fileEncoding = 4; lastKnownFileType = sourcecode.c.objc; path = AbstractSingletonObject.m; sourceTree = "<group>"; };
		52D570C010BABA3300D8CC2F /* NSDate+JGUtilities.h */ = {isa = PBXFileReference; fileEncoding = 4; lastKnownFileType = sourcecode.c.h; path = "NSDate+JGUtilities.h"; sourceTree = "<group>"; };
		52D570C110BABA3300D8CC2F /* NSDate+JGUtilities.m */ = {isa = PBXFileReference; fileEncoding = 4; lastKnownFileType = sourcecode.c.objc; path = "NSDate+JGUtilities.m"; sourceTree = "<group>"; };
		52DCC1A210B2D49400C9D6CE /* Cocoa.framework */ = {isa = PBXFileReference; lastKnownFileType = wrapper.framework; name = Cocoa.framework; path = System/Library/Frameworks/Cocoa.framework; sourceTree = SDKROOT; };
		52E69FC010B6F3AD006998F9 /* Info copy.plist */ = {isa = PBXFileReference; lastKnownFileType = text.plist.xml; path = "Info copy.plist"; sourceTree = "<group>"; };
		52FE19CC10B62FDF00AC2DA3 /* BetterAuthorizationSampleLib.h */ = {isa = PBXFileReference; fileEncoding = 4; lastKnownFileType = sourcecode.c.h; path = BetterAuthorizationSampleLib.h; sourceTree = "<group>"; };
		52FE19CD10B62FDF00AC2DA3 /* BetterAuthorizationSampleLib.c */ = {isa = PBXFileReference; fileEncoding = 4; lastKnownFileType = sourcecode.c.c; path = BetterAuthorizationSampleLib.c; sourceTree = "<group>"; };
		52FE19CE10B62FDF00AC2DA3 /* BetterAuthorizationSampleLibInstallTool.c */ = {isa = PBXFileReference; fileEncoding = 4; lastKnownFileType = sourcecode.c.c; path = BetterAuthorizationSampleLibInstallTool.c; sourceTree = "<group>"; };
		52FE19D110B6301D00AC2DA3 /* SampleTool.c */ = {isa = PBXFileReference; fileEncoding = 4; lastKnownFileType = sourcecode.c.c; path = SampleTool.c; sourceTree = "<group>"; };
		52FE19D210B6301D00AC2DA3 /* SampleCommon.h */ = {isa = PBXFileReference; fileEncoding = 4; lastKnownFileType = sourcecode.c.h; path = SampleCommon.h; sourceTree = "<group>"; };
		52FE19D310B6301D00AC2DA3 /* SampleCommon.c */ = {isa = PBXFileReference; fileEncoding = 4; lastKnownFileType = sourcecode.c.c; path = SampleCommon.c; sourceTree = "<group>"; };
		52FE1AC210B6335D00AC2DA3 /* ShutdownHelperToolExecutor.h */ = {isa = PBXFileReference; fileEncoding = 4; lastKnownFileType = sourcecode.c.h; path = ShutdownHelperToolExecutor.h; sourceTree = "<group>"; };
		52FE1AC310B6335D00AC2DA3 /* ShutdownHelperToolExecutor.m */ = {isa = PBXFileReference; fileEncoding = 4; lastKnownFileType = sourcecode.c.objc; path = ShutdownHelperToolExecutor.m; sourceTree = "<group>"; };
		52FE1AC710B635B200AC2DA3 /* ShutdownAuthorizationPrompt.strings */ = {isa = PBXFileReference; fileEncoding = 4; lastKnownFileType = text.plist.strings; path = ShutdownAuthorizationPrompt.strings; sourceTree = "<group>"; };
		52FE1AE210B6395A00AC2DA3 /* Security.framework */ = {isa = PBXFileReference; lastKnownFileType = wrapper.framework; name = Security.framework; path = System/Library/Frameworks/Security.framework; sourceTree = SDKROOT; };
		52FE1AE610B6397100AC2DA3 /* CoreFoundation.framework */ = {isa = PBXFileReference; lastKnownFileType = wrapper.framework; name = CoreFoundation.framework; path = System/Library/Frameworks/CoreFoundation.framework; sourceTree = SDKROOT; };
		8D202CF70486D31800D8A456 /* Info.plist */ = {isa = PBXFileReference; fileEncoding = 4; lastKnownFileType = text.plist; path = Info.plist; sourceTree = "<group>"; };
		8D202CF80486D31800D8A456 /* Shutdown.prefPane */ = {isa = PBXFileReference; explicitFileType = wrapper.cfbundle; includeInIndex = 0; path = Shutdown.prefPane; sourceTree = BUILT_PRODUCTS_DIR; };
		F506C035013D953901CA16C8 /* PreferencePanes.framework */ = {isa = PBXFileReference; lastKnownFileType = wrapper.framework; name = PreferencePanes.framework; path = /System/Library/Frameworks/PreferencePanes.framework; sourceTree = "<absolute>"; };
		F506C03C013D9D7901CA16C8 /* ShutdownPref.h */ = {isa = PBXFileReference; fileEncoding = 4; lastKnownFileType = sourcecode.c.h; path = ShutdownPref.h; sourceTree = "<group>"; };
		F506C03D013D9D7901CA16C8 /* ShutdownPref.m */ = {isa = PBXFileReference; fileEncoding = 4; lastKnownFileType = sourcecode.c.objc; path = ShutdownPref.m; sourceTree = "<group>"; };
		F506C040013D9D8001CA16C8 /* ShutdownPref.tiff */ = {isa = PBXFileReference; lastKnownFileType = image.tiff; path = ShutdownPref.tiff; sourceTree = "<group>"; };
		F506C043013D9D8C01CA16C8 /* English */ = {isa = PBXFileReference; lastKnownFileType = file.xib; name = English; path = English.lproj/ShutdownPref.xib; sourceTree = "<group>"; };
/* End PBXFileReference section */

/* Begin PBXFrameworksBuildPhase section */
		520F2C0C10B6CC68001D0EB2 /* Frameworks */ = {
			isa = PBXFrameworksBuildPhase;
			buildActionMask = 2147483647;
			files = (
				520F2C6C10B6CE3E001D0EB2 /* Security.framework in Frameworks */,
				520F2C6D10B6CE3E001D0EB2 /* CoreFoundation.framework in Frameworks */,
			);
			runOnlyForDeploymentPostprocessing = 0;
		};
		520F2C1310B6CC7D001D0EB2 /* Frameworks */ = {
			isa = PBXFrameworksBuildPhase;
			buildActionMask = 2147483647;
			files = (
			);
			runOnlyForDeploymentPostprocessing = 0;
		};
		52154BC210B0716E0018F774 /* Frameworks */ = {
			isa = PBXFrameworksBuildPhase;
			buildActionMask = 2147483647;
			files = (
				52DCC1A310B2D49400C9D6CE /* Cocoa.framework in Frameworks */,
				52FE1AE310B6395A00AC2DA3 /* Security.framework in Frameworks */,
			);
			runOnlyForDeploymentPostprocessing = 0;
		};
		8D202CF20486D31800D8A456 /* Frameworks */ = {
			isa = PBXFrameworksBuildPhase;
			buildActionMask = 2147483647;
			files = (
				8D202CF30486D31800D8A456 /* Cocoa.framework in Frameworks */,
				8D202CF40486D31800D8A456 /* PreferencePanes.framework in Frameworks */,
			);
			runOnlyForDeploymentPostprocessing = 0;
		};
/* End PBXFrameworksBuildPhase section */

/* Begin PBXGroup section */
		089C166AFE841209C02AAC07 /* Shutdown */ = {
			isa = PBXGroup;
			children = (
				5217B2E210B1DB80008A3DE6 /* Shared */,
				5217B2E110B1DB73008A3DE6 /* Pref Pane */,
				5217B2E010B1DB6B008A3DE6 /* Helper App */,
				089C1671FE841209C02AAC07 /* Frameworks and Libraries */,
				19C28FB8FE9D52D311CA2CBB /* Products */,
				52DCC1A210B2D49400C9D6CE /* Cocoa.framework */,
				520F2C2510B6CCCF001D0EB2 /* ShutdownHelperAppTest-Info.plist */,
			);
			name = Shutdown;
			sourceTree = "<group>";
		};
		089C1671FE841209C02AAC07 /* Frameworks and Libraries */ = {
			isa = PBXGroup;
			children = (
				1058C7ACFEA557BF11CA2CBB /* Linked Frameworks */,
				1058C7AEFEA557BF11CA2CBB /* Other Frameworks */,
			);
			name = "Frameworks and Libraries";
			sourceTree = "<group>";
		};
		089C167CFE841241C02AAC07 /* Resources */ = {
			isa = PBXGroup;
			children = (
				8D202CF70486D31800D8A456 /* Info.plist */,
				089C167DFE841241C02AAC07 /* InfoPlist.strings */,
				F506C040013D9D8001CA16C8 /* ShutdownPref.tiff */,
				F506C042013D9D8C01CA16C8 /* ShutdownPref.xib */,
				52E69FC010B6F3AD006998F9 /* Info copy.plist */,
			);
			name = Resources;
			sourceTree = "<group>";
		};
		08FB77AFFE84173DC02AAC07 /* Classes */ = {
			isa = PBXGroup;
			children = (
				5217B0ED10B1B567008A3DE6 /* Shutdown_AppDelegate.h */,
				5217B0EE10B1B567008A3DE6 /* Shutdown_AppDelegate.m */,
				F506C03C013D9D7901CA16C8 /* ShutdownPref.h */,
				F506C03D013D9D7901CA16C8 /* ShutdownPref.m */,
				52154BB410B069A30018F774 /* HelperAppController.h */,
				52154BB510B069A30018F774 /* HelperAppController.m */,
				52BD946B10B1B0CB00291F3D /* AbstractSingletonObject.h */,
				52BD946C10B1B0CB00291F3D /* AbstractSingletonObject.m */,
			);
			name = Classes;
			sourceTree = "<group>";
		};
		1058C7ACFEA557BF11CA2CBB /* Linked Frameworks */ = {
			isa = PBXGroup;
			children = (
				1058C7ADFEA557BF11CA2CBB /* Cocoa.framework */,
				F506C035013D953901CA16C8 /* PreferencePanes.framework */,
				52FE1AE210B6395A00AC2DA3 /* Security.framework */,
			);
			name = "Linked Frameworks";
			sourceTree = "<group>";
		};
		1058C7AEFEA557BF11CA2CBB /* Other Frameworks */ = {
			isa = PBXGroup;
			children = (
				089C167FFE841241C02AAC07 /* AppKit.framework */,
				52FE1AE610B6397100AC2DA3 /* CoreFoundation.framework */,
				520F2B2010B6C3DA001D0EB2 /* Foundation.framework */,
			);
			name = "Other Frameworks";
			sourceTree = "<group>";
		};
		19C28FB8FE9D52D311CA2CBB /* Products */ = {
			isa = PBXGroup;
			children = (
				52154BC410B0716E0018F774 /* ShutdownHelperApp.app */,
				8D202CF80486D31800D8A456 /* Shutdown.prefPane */,
				520F2C0E10B6CC68001D0EB2 /* HelperTool */,
				520F2C1510B6CC7D001D0EB2 /* InstallTool */,
			);
			name = Products;
			sourceTree = "<group>";
		};
		32DBCFA10370C40200C91783 /* Other Sources */ = {
			isa = PBXGroup;
			children = (
				5217B2FF10B1DCFF008A3DE6 /* JGDefines.h */,
				32DBCFA20370C41700C91783 /* Shutdown_Prefix.pch */,
				52BD946610B1A5C800291F3D /* JGConstants.h */,
				52BD946710B1A5C800291F3D /* JGConstants.m */,
			);
			name = "Other Sources";
			sourceTree = "<group>";
		};
		5217B2E010B1DB6B008A3DE6 /* Helper App */ = {
			isa = PBXGroup;
			children = (
				52FE19CA10B62F0400AC2DA3 /* BetterAuthorisation */,
				5217B2E510B1DBC2008A3DE6 /* Classes */,
				52E023FA10B2C49B0013F8A8 /* Resources */,
				52E69F9810B6F248006998F9 /* Other */,
			);
			name = "Helper App";
			sourceTree = "<group>";
		};
		5217B2E110B1DB73008A3DE6 /* Pref Pane */ = {
			isa = PBXGroup;
			children = (
				08FB77AFFE84173DC02AAC07 /* Classes */,
				089C167CFE841241C02AAC07 /* Resources */,
				32DBCFA10370C40200C91783 /* Other Sources */,
			);
			name = "Pref Pane";
			sourceTree = "<group>";
		};
		5217B2E210B1DB80008A3DE6 /* Shared */ = {
			isa = PBXGroup;
			children = (
			);
			name = Shared;
			sourceTree = "<group>";
		};
		5217B2E510B1DBC2008A3DE6 /* Classes */ = {
			isa = PBXGroup;
			children = (
				52A896D610B5C39300220B47 /* ShellTask.h */,
				52A896D710B5C39300220B47 /* ShellTask.m */,
				5217B30110B1DDC0008A3DE6 /* HelperApp_AppDelegate.h */,
				5217B30210B1DDC0008A3DE6 /* HelperApp_AppDelegate.m */,
				52A896DE10B5C3C900220B47 /* shutdown.sh */,
				52D570C010BABA3300D8CC2F /* NSDate+JGUtilities.h */,
				52D570C110BABA3300D8CC2F /* NSDate+JGUtilities.m */,
			);
			name = Classes;
			sourceTree = "<group>";
		};
		52E023FA10B2C49B0013F8A8 /* Resources */ = {
			isa = PBXGroup;
			children = (
				5217B30710B1DE59008A3DE6 /* HelperApp.xib */,
				52154BC610B0716E0018F774 /* ShutdownHelperApp-Info.plist */,
			);
			name = Resources;
			sourceTree = "<group>";
		};
		52E69F9810B6F248006998F9 /* Other */ = {
			isa = PBXGroup;
			children = (
				5217B30410B1DDF0008A3DE6 /* HelperApp_Prefix.pch */,
			);
			name = Other;
			sourceTree = "<group>";
		};
		52FE19CA10B62F0400AC2DA3 /* BetterAuthorisation */ = {
			isa = PBXGroup;
			children = (
				52FE1AC210B6335D00AC2DA3 /* ShutdownHelperToolExecutor.h */,
				52FE1AC310B6335D00AC2DA3 /* ShutdownHelperToolExecutor.m */,
				52FE19D110B6301D00AC2DA3 /* SampleTool.c */,
				52FE19D210B6301D00AC2DA3 /* SampleCommon.h */,
				52FE19D310B6301D00AC2DA3 /* SampleCommon.c */,
				52FE1AC710B635B200AC2DA3 /* ShutdownAuthorizationPrompt.strings */,
				52FE19CB10B62FDF00AC2DA3 /* Reusable Library */,
			);
			name = BetterAuthorisation;
			sourceTree = "<group>";
		};
		52FE19CB10B62FDF00AC2DA3 /* Reusable Library */ = {
			isa = PBXGroup;
			children = (
				52FE19CC10B62FDF00AC2DA3 /* BetterAuthorizationSampleLib.h */,
				52FE19CD10B62FDF00AC2DA3 /* BetterAuthorizationSampleLib.c */,
				52FE19CE10B62FDF00AC2DA3 /* BetterAuthorizationSampleLibInstallTool.c */,
			);
			name = "Reusable Library";
			sourceTree = "<group>";
		};
/* End PBXGroup section */

/* Begin PBXHeadersBuildPhase section */
		8D202CE90486D31800D8A456 /* Headers */ = {
			isa = PBXHeadersBuildPhase;
			buildActionMask = 2147483647;
			files = (
				8D202CEA0486D31800D8A456 /* Shutdown_Prefix.pch in Headers */,
				8D202CEB0486D31800D8A456 /* ShutdownPref.h in Headers */,
				52154BB610B069A30018F774 /* HelperAppController.h in Headers */,
				52BD946810B1A5C800291F3D /* JGConstants.h in Headers */,
				52BD946D10B1B0CB00291F3D /* AbstractSingletonObject.h in Headers */,
				5217B0EF10B1B567008A3DE6 /* Shutdown_AppDelegate.h in Headers */,
				5217B30010B1DCFF008A3DE6 /* JGDefines.h in Headers */,
				52D570C610BABA3300D8CC2F /* NSDate+JGUtilities.h in Headers */,
			);
			runOnlyForDeploymentPostprocessing = 0;
		};
/* End PBXHeadersBuildPhase section */

/* Begin PBXNativeTarget section */
		520F2C0D10B6CC68001D0EB2 /* HelperTool */ = {
			isa = PBXNativeTarget;
			buildConfigurationList = 520F2C1910B6CC9B001D0EB2 /* Build configuration list for PBXNativeTarget "HelperTool" */;
			buildPhases = (
				520F2C0B10B6CC68001D0EB2 /* Sources */,
				520F2C0C10B6CC68001D0EB2 /* Frameworks */,
			);
			buildRules = (
			);
			dependencies = (
			);
			name = HelperTool;
			productName = HelperTool;
			productReference = 520F2C0E10B6CC68001D0EB2 /* HelperTool */;
			productType = "com.apple.product-type.tool";
		};
		520F2C1410B6CC7D001D0EB2 /* InstallTool */ = {
			isa = PBXNativeTarget;
			buildConfigurationList = 520F2C1A10B6CC9B001D0EB2 /* Build configuration list for PBXNativeTarget "InstallTool" */;
			buildPhases = (
				520F2C1210B6CC7D001D0EB2 /* Sources */,
				520F2C1310B6CC7D001D0EB2 /* Frameworks */,
			);
			buildRules = (
			);
			dependencies = (
			);
			name = InstallTool;
			productName = InstallTool;
			productReference = 520F2C1510B6CC7D001D0EB2 /* InstallTool */;
			productType = "com.apple.product-type.tool";
		};
		52154BC310B0716E0018F774 /* ShutdownHelperApp */ = {
			isa = PBXNativeTarget;
			buildConfigurationList = 52154BC910B071700018F774 /* Build configuration list for PBXNativeTarget "ShutdownHelperApp" */;
			buildPhases = (
				52154BC010B0716E0018F774 /* Resources */,
				52154BC110B0716E0018F774 /* Sources */,
				52154BC210B0716E0018F774 /* Frameworks */,
				52D5713410BAC52000D8CC2F /* Copy Helper and Install Tools */,
			);
			buildRules = (
			);
			dependencies = (
				52D571FB10BAC61000D8CC2F /* PBXTargetDependency */,
				52D571F910BAC61000D8CC2F /* PBXTargetDependency */,
			);
			name = ShutdownHelperApp;
			productName = ShutdownHelperApp;
			productReference = 52154BC410B0716E0018F774 /* ShutdownHelperApp.app */;
			productType = "com.apple.product-type.application";
		};
		8D202CE80486D31800D8A456 /* Shutdown */ = {
			isa = PBXNativeTarget;
			buildConfigurationList = 1DBD214808BA80EA00186707 /* Build configuration list for PBXNativeTarget "Shutdown" */;
			buildPhases = (
				8D202CE90486D31800D8A456 /* Headers */,
				8D202CEC0486D31800D8A456 /* Resources */,
				8D202CF00486D31800D8A456 /* Sources */,
				8D202CF20486D31800D8A456 /* Frameworks */,
				8D202CF50486D31800D8A456 /* Rez */,
			);
			buildRules = (
			);
			dependencies = (
				5217B30610B1DE14008A3DE6 /* PBXTargetDependency */,
			);
			name = Shutdown;
			productInstallPath = "$(HOME)/Library/PreferencePanes";
			productName = Shutdown;
			productReference = 8D202CF80486D31800D8A456 /* Shutdown.prefPane */;
			productType = "com.apple.product-type.bundle";
		};
/* End PBXNativeTarget section */

/* Begin PBXProject section */
		089C1669FE841209C02AAC07 /* Project object */ = {
			isa = PBXProject;
			buildConfigurationList = 1DBD214C08BA80EA00186707 /* Build configuration list for PBXProject "Shutdown" */;
			compatibilityVersion = "Xcode 3.1";
			hasScannedForEncodings = 1;
			mainGroup = 089C166AFE841209C02AAC07 /* Shutdown */;
			projectDirPath = "";
			projectRoot = "";
			targets = (
				8D202CE80486D31800D8A456 /* Shutdown */,
				52154BC310B0716E0018F774 /* ShutdownHelperApp */,
				520F2C0D10B6CC68001D0EB2 /* HelperTool */,
				520F2C1410B6CC7D001D0EB2 /* InstallTool */,
			);
		};
/* End PBXProject section */

/* Begin PBXResourcesBuildPhase section */
		52154BC010B0716E0018F774 /* Resources */ = {
			isa = PBXResourcesBuildPhase;
			buildActionMask = 2147483647;
			files = (
				52D5712A10BAC4E500D8CC2F /* ShutdownAuthorizationPrompt.strings in Resources */,
				5217B30810B1DE59008A3DE6 /* HelperApp.xib in Resources */,
			);
			runOnlyForDeploymentPostprocessing = 0;
		};
		8D202CEC0486D31800D8A456 /* Resources */ = {
			isa = PBXResourcesBuildPhase;
			buildActionMask = 2147483647;
			files = (
				8D202CED0486D31800D8A456 /* InfoPlist.strings in Resources */,
				8D202CEE0486D31800D8A456 /* ShutdownPref.tiff in Resources */,
				5217B37210B1E16F008A3DE6 /* ShutdownHelperApp.app in Resources */,
				8D202CEF0486D31800D8A456 /* ShutdownPref.xib in Resources */,
			);
			runOnlyForDeploymentPostprocessing = 0;
		};
/* End PBXResourcesBuildPhase section */

/* Begin PBXRezBuildPhase section */
		8D202CF50486D31800D8A456 /* Rez */ = {
			isa = PBXRezBuildPhase;
			buildActionMask = 2147483647;
			files = (
			);
			runOnlyForDeploymentPostprocessing = 0;
		};
/* End PBXRezBuildPhase section */

/* Begin PBXSourcesBuildPhase section */
		520F2C0B10B6CC68001D0EB2 /* Sources */ = {
			isa = PBXSourcesBuildPhase;
			buildActionMask = 2147483647;
			files = (
				520F2C3C10B6CE08001D0EB2 /* SampleTool.c in Sources */,
				520F2C3D10B6CE0C001D0EB2 /* BetterAuthorizationSampleLib.c in Sources */,
				520F2C3E10B6CE0E001D0EB2 /* SampleCommon.c in Sources */,
			);
			runOnlyForDeploymentPostprocessing = 0;
		};
		520F2C1210B6CC7D001D0EB2 /* Sources */ = {
			isa = PBXSourcesBuildPhase;
			buildActionMask = 2147483647;
			files = (
				520F2C6E10B6CE5F001D0EB2 /* BetterAuthorizationSampleLibInstallTool.c in Sources */,
			);
			runOnlyForDeploymentPostprocessing = 0;
		};
		52154BC110B0716E0018F774 /* Sources */ = {
			isa = PBXSourcesBuildPhase;
			buildActionMask = 2147483647;
			files = (
				52BD946A10B1A5C800291F3D /* JGConstants.m in Sources */,
				52BD946F10B1B0CB00291F3D /* AbstractSingletonObject.m in Sources */,
				52D571E210BAC54A00D8CC2F /* BetterAuthorizationSampleLib.c in Sources */,
				52D571E310BAC54A00D8CC2F /* SampleCommon.c in Sources */,
				52D571E410BAC54A00D8CC2F /* ShutdownHelperToolExecutor.m in Sources */,
				5217B30310B1DDC0008A3DE6 /* HelperApp_AppDelegate.m in Sources */,
				52D570C510BABA3300D8CC2F /* NSDate+JGUtilities.m in Sources */,
			);
			runOnlyForDeploymentPostprocessing = 0;
		};
		8D202CF00486D31800D8A456 /* Sources */ = {
			isa = PBXSourcesBuildPhase;
			buildActionMask = 2147483647;
			files = (
				8D202CF10486D31800D8A456 /* ShutdownPref.m in Sources */,
				52154BB710B069A30018F774 /* HelperAppController.m in Sources */,
				52BD946910B1A5C800291F3D /* JGConstants.m in Sources */,
				52BD946E10B1B0CB00291F3D /* AbstractSingletonObject.m in Sources */,
				5217B0F010B1B567008A3DE6 /* Shutdown_AppDelegate.m in Sources */,
				52D570C710BABA3300D8CC2F /* NSDate+JGUtilities.m in Sources */,
			);
			runOnlyForDeploymentPostprocessing = 0;
		};
/* End PBXSourcesBuildPhase section */

/* Begin PBXTargetDependency section */
		5217B30610B1DE14008A3DE6 /* PBXTargetDependency */ = {
			isa = PBXTargetDependency;
			target = 52154BC310B0716E0018F774 /* ShutdownHelperApp */;
			targetProxy = 5217B30510B1DE14008A3DE6 /* PBXContainerItemProxy */;
		};
		52D571F910BAC61000D8CC2F /* PBXTargetDependency */ = {
			isa = PBXTargetDependency;
			target = 520F2C1410B6CC7D001D0EB2 /* InstallTool */;
			targetProxy = 52D571F810BAC61000D8CC2F /* PBXContainerItemProxy */;
		};
		52D571FB10BAC61000D8CC2F /* PBXTargetDependency */ = {
			isa = PBXTargetDependency;
			target = 520F2C0D10B6CC68001D0EB2 /* HelperTool */;
			targetProxy = 52D571FA10BAC61000D8CC2F /* PBXContainerItemProxy */;
		};
/* End PBXTargetDependency section */

/* Begin PBXVariantGroup section */
		089C167DFE841241C02AAC07 /* InfoPlist.strings */ = {
			isa = PBXVariantGroup;
			children = (
				089C167EFE841241C02AAC07 /* English */,
			);
			name = InfoPlist.strings;
			sourceTree = "<group>";
		};
		F506C042013D9D8C01CA16C8 /* ShutdownPref.xib */ = {
			isa = PBXVariantGroup;
			children = (
				F506C043013D9D8C01CA16C8 /* English */,
			);
			name = ShutdownPref.xib;
			sourceTree = "<group>";
		};
/* End PBXVariantGroup section */

/* Begin XCBuildConfiguration section */
		1DBD214908BA80EA00186707 /* Debug */ = {
			isa = XCBuildConfiguration;
			buildSettings = {
				COPY_PHASE_STRIP = NO;
				DEBUG_INFORMATION_FORMAT = "dwarf-with-dsym";
				DSTROOT = /;
				GCC_DEBUGGING_SYMBOLS = full;
				GCC_DYNAMIC_NO_PIC = NO;
				GCC_ENABLE_FIX_AND_CONTINUE = YES;
				GCC_MODEL_TUNING = G5;
				GCC_OPTIMIZATION_LEVEL = 0;
				GCC_PRECOMPILE_PREFIX_HEADER = YES;
				GCC_PREFIX_HEADER = Shutdown_Prefix.pch;
				INFOPLIST_FILE = Info.plist;
				INSTALL_PATH = "$(HOME)/Library/PreferencePanes";
				PRODUCT_NAME = Shutdown;
				WRAPPER_EXTENSION = prefPane;
				ZERO_LINK = YES;
			};
			name = Debug;
		};
		1DBD214A08BA80EA00186707 /* Release */ = {
			isa = XCBuildConfiguration;
			buildSettings = {
				DEBUG_INFORMATION_FORMAT = "dwarf-with-dsym";
				GCC_MODEL_TUNING = G5;
				GCC_PRECOMPILE_PREFIX_HEADER = YES;
				GCC_PREFIX_HEADER = Shutdown_Prefix.pch;
				INFOPLIST_FILE = Info.plist;
				INSTALL_PATH = "$(HOME)/Library/PreferencePanes";
				PRODUCT_NAME = Shutdown;
				WRAPPER_EXTENSION = prefPane;
			};
			name = Release;
		};
		1DBD214D08BA80EA00186707 /* Debug */ = {
			isa = XCBuildConfiguration;
			buildSettings = {
				ARCHS = "$(ARCHS_STANDARD_32_64_BIT)";
				GCC_C_LANGUAGE_STANDARD = "compiler-default";
				GCC_DYNAMIC_NO_PIC = YES;
				GCC_ENABLE_OBJC_GC = supported;
				GCC_INPUT_FILETYPE = sourcecode.c.objc;
				GCC_VERSION = com.apple.compilers.llvm.clang.1_0;
				GCC_WARN_ABOUT_RETURN_TYPE = YES;
				GCC_WARN_UNUSED_VARIABLE = YES;
				ONLY_ACTIVE_ARCH = YES;
				PREBINDING = NO;
				SDKROOT = macosx10.6;
				VALID_ARCHS = "i386 ppc x86_64";
			};
			name = Debug;
		};
		1DBD214E08BA80EA00186707 /* Release */ = {
			isa = XCBuildConfiguration;
			buildSettings = {
				ARCHS = "$(ARCHS_STANDARD_32_64_BIT)";
				GCC_C_LANGUAGE_STANDARD = gnu99;
				GCC_ENABLE_OBJC_GC = supported;
				GCC_INPUT_FILETYPE = sourcecode.c.objc;
				GCC_WARN_ABOUT_RETURN_TYPE = YES;
				GCC_WARN_UNUSED_VARIABLE = YES;
				PREBINDING = NO;
				SDKROOT = macosx10.6;
				VALID_ARCHS = "i386 ppc x86_64";
			};
			name = Release;
		};
		520F2C1010B6CC69001D0EB2 /* Debug */ = {
			isa = XCBuildConfiguration;
			buildSettings = {
				ALWAYS_SEARCH_USER_PATHS = NO;
				COPY_PHASE_STRIP = NO;
				GCC_DYNAMIC_NO_PIC = NO;
				GCC_ENABLE_FIX_AND_CONTINUE = YES;
				GCC_MODEL_TUNING = G5;
				GCC_OPTIMIZATION_LEVEL = 0;
				GCC_PRECOMPILE_PREFIX_HEADER = YES;
				GCC_PREFIX_HEADER = "$(SYSTEM_LIBRARY_DIR)/Frameworks/AppKit.framework/Headers/AppKit.h";
				INSTALL_PATH = /usr/local/bin;
				OTHER_LDFLAGS = (
					"-framework",
					Foundation,
					"-framework",
					AppKit,
				);
				PREBINDING = NO;
				PRODUCT_NAME = HelperTool;
			};
			name = Debug;
		};
		520F2C1110B6CC69001D0EB2 /* Release */ = {
			isa = XCBuildConfiguration;
			buildSettings = {
				ALWAYS_SEARCH_USER_PATHS = NO;
				COPY_PHASE_STRIP = YES;
				DEBUG_INFORMATION_FORMAT = "dwarf-with-dsym";
				GCC_ENABLE_FIX_AND_CONTINUE = NO;
				GCC_MODEL_TUNING = G5;
				GCC_PRECOMPILE_PREFIX_HEADER = YES;
				GCC_PREFIX_HEADER = "$(SYSTEM_LIBRARY_DIR)/Frameworks/AppKit.framework/Headers/AppKit.h";
				INSTALL_PATH = /usr/local/bin;
				OTHER_LDFLAGS = (
					"-framework",
					Foundation,
					"-framework",
					AppKit,
				);
				PREBINDING = NO;
				PRODUCT_NAME = HelperTool;
				ZERO_LINK = NO;
			};
			name = Release;
		};
		520F2C1710B6CC7D001D0EB2 /* Debug */ = {
			isa = XCBuildConfiguration;
			buildSettings = {
				ALWAYS_SEARCH_USER_PATHS = NO;
				COPY_PHASE_STRIP = NO;
				GCC_DYNAMIC_NO_PIC = NO;
				GCC_ENABLE_FIX_AND_CONTINUE = YES;
				GCC_MODEL_TUNING = G5;
				GCC_OPTIMIZATION_LEVEL = 0;
				GCC_PRECOMPILE_PREFIX_HEADER = YES;
				GCC_PREFIX_HEADER = "$(SYSTEM_LIBRARY_DIR)/Frameworks/AppKit.framework/Headers/AppKit.h";
				INSTALL_PATH = /usr/local/bin;
				OTHER_LDFLAGS = (
					"-framework",
					Foundation,
					"-framework",
					AppKit,
				);
				PREBINDING = NO;
				PRODUCT_NAME = InstallTool;
			};
			name = Debug;
		};
		520F2C1810B6CC7D001D0EB2 /* Release */ = {
			isa = XCBuildConfiguration;
			buildSettings = {
				ALWAYS_SEARCH_USER_PATHS = NO;
				COPY_PHASE_STRIP = YES;
				DEBUG_INFORMATION_FORMAT = "dwarf-with-dsym";
				GCC_ENABLE_FIX_AND_CONTINUE = NO;
				GCC_MODEL_TUNING = G5;
				GCC_PRECOMPILE_PREFIX_HEADER = YES;
				GCC_PREFIX_HEADER = "$(SYSTEM_LIBRARY_DIR)/Frameworks/AppKit.framework/Headers/AppKit.h";
				INSTALL_PATH = /usr/local/bin;
				OTHER_LDFLAGS = (
					"-framework",
					Foundation,
					"-framework",
					AppKit,
				);
				PREBINDING = NO;
				PRODUCT_NAME = InstallTool;
				ZERO_LINK = NO;
			};
			name = Release;
		};
		52154BC710B071700018F774 /* Debug */ = {
			isa = XCBuildConfiguration;
			buildSettings = {
				ALWAYS_SEARCH_USER_PATHS = NO;
				ARCHS = "$(NATIVE_ARCH_ACTUAL)";
				COPY_PHASE_STRIP = NO;
				FRAMEWORK_SEARCH_PATHS = (
					"$(inherited)",
					"\"$(SRCROOT)\"",
				);
				GCC_DYNAMIC_NO_PIC = NO;
				GCC_ENABLE_FIX_AND_CONTINUE = YES;
				GCC_MODEL_TUNING = G5;
				GCC_OPTIMIZATION_LEVEL = 0;
				GCC_PRECOMPILE_PREFIX_HEADER = YES;
				GCC_PREFIX_HEADER = HelperApp_Prefix.pch;
				INFOPLIST_FILE = "ShutdownHelperApp-Info.plist";
				INSTALL_PATH = "$(HOME)/Applications";
				ONLY_ACTIVE_ARCH = YES;
				OTHER_LDFLAGS = (
					"-framework",
					Foundation,
					"-framework",
					AppKit,
				);
				PREBINDING = NO;
				PRODUCT_NAME = ShutdownHelperApp;
			};
			name = Debug;
		};
		52154BC810B071700018F774 /* Release */ = {
			isa = XCBuildConfiguration;
			buildSettings = {
				ALWAYS_SEARCH_USER_PATHS = NO;
				COPY_PHASE_STRIP = YES;
				DEBUG_INFORMATION_FORMAT = "dwarf-with-dsym";
				FRAMEWORK_SEARCH_PATHS = (
					"$(inherited)",
					"\"$(SRCROOT)\"",
				);
				GCC_ENABLE_FIX_AND_CONTINUE = NO;
				GCC_MODEL_TUNING = G5;
				GCC_PRECOMPILE_PREFIX_HEADER = YES;
				GCC_PREFIX_HEADER = "$(SYSTEM_LIBRARY_DIR)/Frameworks/AppKit.framework/Headers/AppKit.h";
				INFOPLIST_FILE = "ShutdownHelperApp-Info.plist";
				INSTALL_PATH = "$(HOME)/Applications";
				OTHER_LDFLAGS = (
					"-framework",
					Foundation,
					"-framework",
					AppKit,
				);
				PREBINDING = NO;
				PRODUCT_NAME = ShutdownHelperApp;
				ZERO_LINK = NO;
			};
			name = Release;
		};
/* End XCBuildConfiguration section */

/* Begin XCConfigurationList section */
		1DBD214808BA80EA00186707 /* Build configuration list for PBXNativeTarget "Shutdown" */ = {
			isa = XCConfigurationList;
			buildConfigurations = (
				1DBD214908BA80EA00186707 /* Debug */,
				1DBD214A08BA80EA00186707 /* Release */,
			);
			defaultConfigurationIsVisible = 0;
			defaultConfigurationName = Release;
		};
		1DBD214C08BA80EA00186707 /* Build configuration list for PBXProject "Shutdown" */ = {
			isa = XCConfigurationList;
			buildConfigurations = (
				1DBD214D08BA80EA00186707 /* Debug */,
				1DBD214E08BA80EA00186707 /* Release */,
			);
			defaultConfigurationIsVisible = 0;
			defaultConfigurationName = Release;
		};
		520F2C1910B6CC9B001D0EB2 /* Build configuration list for PBXNativeTarget "HelperTool" */ = {
			isa = XCConfigurationList;
			buildConfigurations = (
				520F2C1010B6CC69001D0EB2 /* Debug */,
				520F2C1110B6CC69001D0EB2 /* Release */,
			);
			defaultConfigurationIsVisible = 0;
			defaultConfigurationName = Release;
		};
		520F2C1A10B6CC9B001D0EB2 /* Build configuration list for PBXNativeTarget "InstallTool" */ = {
			isa = XCConfigurationList;
			buildConfigurations = (
				520F2C1710B6CC7D001D0EB2 /* Debug */,
				520F2C1810B6CC7D001D0EB2 /* Release */,
			);
			defaultConfigurationIsVisible = 0;
			defaultConfigurationName = Release;
		};
		52154BC910B071700018F774 /* Build configuration list for PBXNativeTarget "ShutdownHelperApp" */ = {
			isa = XCConfigurationList;
			buildConfigurations = (
				52154BC710B071700018F774 /* Debug */,
				52154BC810B071700018F774 /* Release */,
			);
			defaultConfigurationIsVisible = 0;
			defaultConfigurationName = Release;
		};
/* End XCConfigurationList section */
	};
	rootObject = 089C1669FE841209C02AAC07 /* Project object */;
}
